// !$*UTF8*$!
{
	archiveVersion = 1;
	classes = {
	};
	objectVersion = 46;
	objects = {

/* Begin PBXBuildFile section */
		D34663DC1D1D7A210033A84D /* Assets.xcassets in Resources */ = {isa = PBXBuildFile; fileRef = D39DC8431D1817DC007417CD /* Assets.xcassets */; };
		D37BAD171D1C094D003DDEEC /* Happiness_Is_ChickenTests.swift in Sources */ = {isa = PBXBuildFile; fileRef = D37BAD161D1C094D003DDEEC /* Happiness_Is_ChickenTests.swift */; };
		D37BAD201D1C0AE3003DDEEC /* GameData.swift in Sources */ = {isa = PBXBuildFile; fileRef = D39DC86A1D18445D007417CD /* GameData.swift */; };
		D37BAD211D1C0AE7003DDEEC /* GameScene.swift in Sources */ = {isa = PBXBuildFile; fileRef = D39DC83F1D1817DC007417CD /* GameScene.swift */; };
		D37BAD221D1C0AEE003DDEEC /* MyActions.sks in Resources */ = {isa = PBXBuildFile; fileRef = D39DC86E1D186ADE007417CD /* MyActions.sks */; };
		D37BAD231D1C0AF3003DDEEC /* GameScene.sks in Resources */ = {isa = PBXBuildFile; fileRef = D39DC8411D1817DC007417CD /* GameScene.sks */; };
		D37BAD261D1C0B5E003DDEEC /* AppDelegate.swift in Sources */ = {isa = PBXBuildFile; fileRef = D37BAD251D1C0B5E003DDEEC /* AppDelegate.swift */; };
		D37BAD291D1C0B73003DDEEC /* GameViewController.swift in Sources */ = {isa = PBXBuildFile; fileRef = D37BAD271D1C0B73003DDEEC /* GameViewController.swift */; };
		D37BAD2C1D1C0CC8003DDEEC /* CoreGraphics.framework in Frameworks */ = {isa = PBXBuildFile; fileRef = D37BAD2B1D1C0CC8003DDEEC /* CoreGraphics.framework */; };
		D37BAD2D1D1C0D69003DDEEC /* LaunchScreen.storyboard in Resources */ = {isa = PBXBuildFile; fileRef = D37BAD0A1D1C094D003DDEEC /* LaunchScreen.storyboard */; };
		D37BAD2E1D1C0D83003DDEEC /* Main.storyboard in Resources */ = {isa = PBXBuildFile; fileRef = D37BAD051D1C094D003DDEEC /* Main.storyboard */; };
		D39DC83E1D1817DC007417CD /* AppDelegate.swift in Sources */ = {isa = PBXBuildFile; fileRef = D39DC83D1D1817DC007417CD /* AppDelegate.swift */; };
		D39DC8401D1817DC007417CD /* GameScene.swift in Sources */ = {isa = PBXBuildFile; fileRef = D39DC83F1D1817DC007417CD /* GameScene.swift */; };
		D39DC8421D1817DC007417CD /* GameScene.sks in Resources */ = {isa = PBXBuildFile; fileRef = D39DC8411D1817DC007417CD /* GameScene.sks */; };
		D39DC8441D1817DC007417CD /* Assets.xcassets in Resources */ = {isa = PBXBuildFile; fileRef = D39DC8431D1817DC007417CD /* Assets.xcassets */; };
		D39DC8471D1817DC007417CD /* MainMenu.xib in Resources */ = {isa = PBXBuildFile; fileRef = D39DC8451D1817DC007417CD /* MainMenu.xib */; };
		D39DC8521D1817DC007417CD /* HappiessIsMacTests.swift in Sources */ = {isa = PBXBuildFile; fileRef = D39DC8511D1817DC007417CD /* HappiessIsMacTests.swift */; };
		D39DC86B1D18445D007417CD /* GameData.swift in Sources */ = {isa = PBXBuildFile; fileRef = D39DC86A1D18445D007417CD /* GameData.swift */; };
		D39DC86F1D186ADE007417CD /* MyActions.sks in Resources */ = {isa = PBXBuildFile; fileRef = D39DC86E1D186ADE007417CD /* MyActions.sks */; };
		D3BDF3871D1C10B900605A49 /* HappiessIsMacTests.swift in Sources */ = {isa = PBXBuildFile; fileRef = D39DC8511D1817DC007417CD /* HappiessIsMacTests.swift */; };
/* End PBXBuildFile section */

/* Begin PBXContainerItemProxy section */
		D37BAD131D1C094D003DDEEC /* PBXContainerItemProxy */ = {
			isa = PBXContainerItemProxy;
			containerPortal = D39DC8321D1817DB007417CD /* Project object */;
			proxyType = 1;
			remoteGlobalIDString = D37BACFA1D1C094D003DDEEC;
			remoteInfo = "Happiness Is Chicken";
		};
		D39DC84E1D1817DC007417CD /* PBXContainerItemProxy */ = {
			isa = PBXContainerItemProxy;
			containerPortal = D39DC8321D1817DB007417CD /* Project object */;
			proxyType = 1;
			remoteGlobalIDString = D39DC8391D1817DB007417CD;
			remoteInfo = HappiessIsMac;
		};
/* End PBXContainerItemProxy section */

/* Begin PBXFileReference section */
		D37BACFB1D1C094D003DDEEC /* Happiness Is Chicken.app */ = {isa = PBXFileReference; explicitFileType = wrapper.application; includeInIndex = 0; path = "Happiness Is Chicken.app"; sourceTree = BUILT_PRODUCTS_DIR; };
		D37BAD061D1C094D003DDEEC /* Base */ = {isa = PBXFileReference; lastKnownFileType = file.storyboard; name = Base; path = Base.lproj/Main.storyboard; sourceTree = "<group>"; };
		D37BAD0B1D1C094D003DDEEC /* Base */ = {isa = PBXFileReference; lastKnownFileType = file.storyboard; name = Base; path = Base.lproj/LaunchScreen.storyboard; sourceTree = "<group>"; };
		D37BAD121D1C094D003DDEEC /* Happiness Is ChickenTests.xctest */ = {isa = PBXFileReference; explicitFileType = wrapper.cfbundle; includeInIndex = 0; path = "Happiness Is ChickenTests.xctest"; sourceTree = BUILT_PRODUCTS_DIR; };
		D37BAD161D1C094D003DDEEC /* Happiness_Is_ChickenTests.swift */ = {isa = PBXFileReference; lastKnownFileType = sourcecode.swift; path = Happiness_Is_ChickenTests.swift; sourceTree = "<group>"; };
		D37BAD181D1C094D003DDEEC /* Info.plist */ = {isa = PBXFileReference; lastKnownFileType = text.plist.xml; path = Info.plist; sourceTree = "<group>"; };
		D37BAD251D1C0B5E003DDEEC /* AppDelegate.swift */ = {isa = PBXFileReference; fileEncoding = 4; lastKnownFileType = sourcecode.swift; name = AppDelegate.swift; path = HappinessIsChicken/AppDelegate.swift; sourceTree = SOURCE_ROOT; };
		D37BAD271D1C0B73003DDEEC /* GameViewController.swift */ = {isa = PBXFileReference; fileEncoding = 4; lastKnownFileType = sourcecode.swift; name = GameViewController.swift; path = HappinessIsChicken/GameViewController.swift; sourceTree = SOURCE_ROOT; };
		D37BAD281D1C0B73003DDEEC /* Info.plist */ = {isa = PBXFileReference; fileEncoding = 4; lastKnownFileType = text.plist.xml; name = Info.plist; path = HappinessIsChicken/Info.plist; sourceTree = SOURCE_ROOT; };
		D37BAD2B1D1C0CC8003DDEEC /* CoreGraphics.framework */ = {isa = PBXFileReference; lastKnownFileType = wrapper.framework; name = CoreGraphics.framework; path = Platforms/iPhoneOS.platform/Developer/SDKs/iPhoneOS9.3.sdk/System/Library/Frameworks/CoreGraphics.framework; sourceTree = DEVELOPER_DIR; };
		D39DC83A1D1817DB007417CD /* HappiessIsMac.app */ = {isa = PBXFileReference; explicitFileType = wrapper.application; includeInIndex = 0; path = HappiessIsMac.app; sourceTree = BUILT_PRODUCTS_DIR; };
		D39DC83D1D1817DC007417CD /* AppDelegate.swift */ = {isa = PBXFileReference; lastKnownFileType = sourcecode.swift; path = AppDelegate.swift; sourceTree = "<group>"; };
		D39DC83F1D1817DC007417CD /* GameScene.swift */ = {isa = PBXFileReference; lastKnownFileType = sourcecode.swift; name = GameScene.swift; path = HappiessIsMac/GameScene.swift; sourceTree = "<group>"; };
		D39DC8411D1817DC007417CD /* GameScene.sks */ = {isa = PBXFileReference; lastKnownFileType = file.sks; name = GameScene.sks; path = HappiessIsMac/GameScene.sks; sourceTree = "<group>"; };
		D39DC8431D1817DC007417CD /* Assets.xcassets */ = {isa = PBXFileReference; lastKnownFileType = folder.assetcatalog; name = Assets.xcassets; path = HappiessIsMac/Assets.xcassets; sourceTree = "<group>"; };
		D39DC8461D1817DC007417CD /* Base */ = {isa = PBXFileReference; lastKnownFileType = file.xib; name = Base; path = Base.lproj/MainMenu.xib; sourceTree = "<group>"; };
		D39DC8481D1817DC007417CD /* Info.plist */ = {isa = PBXFileReference; lastKnownFileType = text.plist.xml; path = Info.plist; sourceTree = "<group>"; };
		D39DC84D1D1817DC007417CD /* HappiessIsMacTests.xctest */ = {isa = PBXFileReference; explicitFileType = wrapper.cfbundle; includeInIndex = 0; path = HappiessIsMacTests.xctest; sourceTree = BUILT_PRODUCTS_DIR; };
		D39DC8511D1817DC007417CD /* HappiessIsMacTests.swift */ = {isa = PBXFileReference; lastKnownFileType = sourcecode.swift; path = HappiessIsMacTests.swift; sourceTree = "<group>"; };
		D39DC8531D1817DC007417CD /* Info.plist */ = {isa = PBXFileReference; lastKnownFileType = text.plist.xml; path = Info.plist; sourceTree = "<group>"; };
		D39DC86A1D18445D007417CD /* GameData.swift */ = {isa = PBXFileReference; fileEncoding = 4; lastKnownFileType = sourcecode.swift; name = GameData.swift; path = HappiessIsMac/GameData.swift; sourceTree = "<group>"; };
		D39DC86E1D186ADE007417CD /* MyActions.sks */ = {isa = PBXFileReference; lastKnownFileType = file.sks; path = MyActions.sks; sourceTree = "<group>"; };
/* End PBXFileReference section */

/* Begin PBXFrameworksBuildPhase section */
		D37BACF81D1C094D003DDEEC /* Frameworks */ = {
			isa = PBXFrameworksBuildPhase;
			buildActionMask = 2147483647;
			files = (
				D37BAD2C1D1C0CC8003DDEEC /* CoreGraphics.framework in Frameworks */,
			);
			runOnlyForDeploymentPostprocessing = 0;
		};
		D37BAD0F1D1C094D003DDEEC /* Frameworks */ = {
			isa = PBXFrameworksBuildPhase;
			buildActionMask = 2147483647;
			files = (
			);
			runOnlyForDeploymentPostprocessing = 0;
		};
		D39DC8371D1817DB007417CD /* Frameworks */ = {
			isa = PBXFrameworksBuildPhase;
			buildActionMask = 2147483647;
			files = (
			);
			runOnlyForDeploymentPostprocessing = 0;
		};
		D39DC84A1D1817DC007417CD /* Frameworks */ = {
			isa = PBXFrameworksBuildPhase;
			buildActionMask = 2147483647;
			files = (
			);
			runOnlyForDeploymentPostprocessing = 0;
		};
/* End PBXFrameworksBuildPhase section */

/* Begin PBXGroup section */
		D37BACFC1D1C094D003DDEEC /* HappinessIsChicken */ = {
			isa = PBXGroup;
			children = (
				D37BAD251D1C0B5E003DDEEC /* AppDelegate.swift */,
				D37BAD271D1C0B73003DDEEC /* GameViewController.swift */,
				D37BAD281D1C0B73003DDEEC /* Info.plist */,
				D37BAD051D1C094D003DDEEC /* Main.storyboard */,
				D37BAD0A1D1C094D003DDEEC /* LaunchScreen.storyboard */,
			);
			path = HappinessIsChicken;
			sourceTree = "<group>";
		};
		D37BAD151D1C094D003DDEEC /* Happiness Is ChickenTests */ = {
			isa = PBXGroup;
			children = (
				D37BAD161D1C094D003DDEEC /* Happiness_Is_ChickenTests.swift */,
				D37BAD181D1C094D003DDEEC /* Info.plist */,
			);
			path = "Happiness Is ChickenTests";
			sourceTree = "<group>";
		};
		D37BAD241D1C0AFE003DDEEC /* HappinessIsCrossPlatform */ = {
			isa = PBXGroup;
			children = (
				D39DC86A1D18445D007417CD /* GameData.swift */,
				D39DC83F1D1817DC007417CD /* GameScene.swift */,
				D39DC8431D1817DC007417CD /* Assets.xcassets */,
				D39DC8411D1817DC007417CD /* GameScene.sks */,
				D39DC86E1D186ADE007417CD /* MyActions.sks */,
			);
			name = HappinessIsCrossPlatform;
			sourceTree = "<group>";
		};
		D39DC8311D1817DB007417CD = {
			isa = PBXGroup;
			children = (
				D37BAD2B1D1C0CC8003DDEEC /* CoreGraphics.framework */,
				D37BAD241D1C0AFE003DDEEC /* HappinessIsCrossPlatform */,
				D39DC83C1D1817DB007417CD /* HappiessIsMac */,
				D39DC8501D1817DC007417CD /* HappiessIsMacTests */,
				D37BACFC1D1C094D003DDEEC /* HappinessIsChicken */,
				D37BAD151D1C094D003DDEEC /* Happiness Is ChickenTests */,
				D39DC83B1D1817DB007417CD /* Products */,
			);
			sourceTree = "<group>";
		};
		D39DC83B1D1817DB007417CD /* Products */ = {
			isa = PBXGroup;
			children = (
				D39DC83A1D1817DB007417CD /* HappiessIsMac.app */,
				D39DC84D1D1817DC007417CD /* HappiessIsMacTests.xctest */,
				D37BACFB1D1C094D003DDEEC /* Happiness Is Chicken.app */,
				D37BAD121D1C094D003DDEEC /* Happiness Is ChickenTests.xctest */,
			);
			name = Products;
			sourceTree = "<group>";
		};
		D39DC83C1D1817DB007417CD /* HappiessIsMac */ = {
			isa = PBXGroup;
			children = (
				D39DC83D1D1817DC007417CD /* AppDelegate.swift */,
				D39DC8451D1817DC007417CD /* MainMenu.xib */,
				D39DC8481D1817DC007417CD /* Info.plist */,
			);
			path = HappiessIsMac;
			sourceTree = "<group>";
		};
		D39DC8501D1817DC007417CD /* HappiessIsMacTests */ = {
			isa = PBXGroup;
			children = (
				D39DC8511D1817DC007417CD /* HappiessIsMacTests.swift */,
				D39DC8531D1817DC007417CD /* Info.plist */,
			);
			path = HappiessIsMacTests;
			sourceTree = "<group>";
		};
/* End PBXGroup section */

/* Begin PBXNativeTarget section */
		D37BACFA1D1C094D003DDEEC /* Happiness Is Chicken */ = {
			isa = PBXNativeTarget;
			buildConfigurationList = D37BAD191D1C094E003DDEEC /* Build configuration list for PBXNativeTarget "Happiness Is Chicken" */;
			buildPhases = (
				D37BACF71D1C094D003DDEEC /* Sources */,
				D37BACF81D1C094D003DDEEC /* Frameworks */,
				D37BACF91D1C094D003DDEEC /* Resources */,
			);
			buildRules = (
			);
			dependencies = (
			);
			name = "Happiness Is Chicken";
			productName = "Happiness Is Chicken";
			productReference = D37BACFB1D1C094D003DDEEC /* Happiness Is Chicken.app */;
			productType = "com.apple.product-type.application";
		};
		D37BAD111D1C094D003DDEEC /* Happiness Is ChickenTests */ = {
			isa = PBXNativeTarget;
			buildConfigurationList = D37BAD1C1D1C094E003DDEEC /* Build configuration list for PBXNativeTarget "Happiness Is ChickenTests" */;
			buildPhases = (
				D37BAD0E1D1C094D003DDEEC /* Sources */,
				D37BAD0F1D1C094D003DDEEC /* Frameworks */,
				D37BAD101D1C094D003DDEEC /* Resources */,
			);
			buildRules = (
			);
			dependencies = (
				D37BAD141D1C094D003DDEEC /* PBXTargetDependency */,
			);
			name = "Happiness Is ChickenTests";
			productName = "Happiness Is ChickenTests";
			productReference = D37BAD121D1C094D003DDEEC /* Happiness Is ChickenTests.xctest */;
			productType = "com.apple.product-type.bundle.unit-test";
		};
		D39DC8391D1817DB007417CD /* HappiessIsMac */ = {
			isa = PBXNativeTarget;
			buildConfigurationList = D39DC8611D1817DC007417CD /* Build configuration list for PBXNativeTarget "HappiessIsMac" */;
			buildPhases = (
				D39DC8361D1817DB007417CD /* Sources */,
				D39DC8371D1817DB007417CD /* Frameworks */,
				D39DC8381D1817DB007417CD /* Resources */,
			);
			buildRules = (
			);
			dependencies = (
			);
			name = HappiessIsMac;
			productName = HappiessIsMac;
			productReference = D39DC83A1D1817DB007417CD /* HappiessIsMac.app */;
			productType = "com.apple.product-type.application";
		};
		D39DC84C1D1817DC007417CD /* HappiessIsMacTests */ = {
			isa = PBXNativeTarget;
			buildConfigurationList = D39DC8641D1817DC007417CD /* Build configuration list for PBXNativeTarget "HappiessIsMacTests" */;
			buildPhases = (
				D39DC8491D1817DC007417CD /* Sources */,
				D39DC84A1D1817DC007417CD /* Frameworks */,
				D39DC84B1D1817DC007417CD /* Resources */,
			);
			buildRules = (
			);
			dependencies = (
				D39DC84F1D1817DC007417CD /* PBXTargetDependency */,
			);
			name = HappiessIsMacTests;
			productName = HappiessIsMacTests;
			productReference = D39DC84D1D1817DC007417CD /* HappiessIsMacTests.xctest */;
			productType = "com.apple.product-type.bundle.unit-test";
		};
/* End PBXNativeTarget section */

/* Begin PBXProject section */
		D39DC8321D1817DB007417CD /* Project object */ = {
			isa = PBXProject;
			attributes = {
				LastSwiftUpdateCheck = 0730;
				LastUpgradeCheck = 0730;
				ORGANIZATIONNAME = "Space-for-Rent";
				TargetAttributes = {
					D37BACFA1D1C094D003DDEEC = {
						CreatedOnToolsVersion = 7.3.1;
						DevelopmentTeam = ZF9498JSZ2;
						LastSwiftMigration = 0800;
					};
					D37BAD111D1C094D003DDEEC = {
						CreatedOnToolsVersion = 7.3.1;
						LastSwiftMigration = 0800;
						TestTargetID = D37BACFA1D1C094D003DDEEC;
					};
					D39DC8391D1817DB007417CD = {
						CreatedOnToolsVersion = 7.3.1;
						LastSwiftMigration = 0800;
					};
					D39DC84C1D1817DC007417CD = {
						CreatedOnToolsVersion = 7.3.1;
						LastSwiftMigration = 0800;
						TestTargetID = D39DC8391D1817DB007417CD;
					};
				};
			};
			buildConfigurationList = D39DC8351D1817DB007417CD /* Build configuration list for PBXProject "HappiessIsMac" */;
			compatibilityVersion = "Xcode 3.2";
			developmentRegion = English;
			hasScannedForEncodings = 0;
			knownRegions = (
				en,
				Base,
			);
			mainGroup = D39DC8311D1817DB007417CD;
			productRefGroup = D39DC83B1D1817DB007417CD /* Products */;
			projectDirPath = "";
			projectRoot = "";
			targets = (
				D39DC8391D1817DB007417CD /* HappiessIsMac */,
				D39DC84C1D1817DC007417CD /* HappiessIsMacTests */,
				D37BACFA1D1C094D003DDEEC /* Happiness Is Chicken */,
				D37BAD111D1C094D003DDEEC /* Happiness Is ChickenTests */,
			);
		};
/* End PBXProject section */

/* Begin PBXResourcesBuildPhase section */
		D37BACF91D1C094D003DDEEC /* Resources */ = {
			isa = PBXResourcesBuildPhase;
			buildActionMask = 2147483647;
			files = (
				D37BAD2E1D1C0D83003DDEEC /* Main.storyboard in Resources */,
				D37BAD2D1D1C0D69003DDEEC /* LaunchScreen.storyboard in Resources */,
				D37BAD231D1C0AF3003DDEEC /* GameScene.sks in Resources */,
				D37BAD221D1C0AEE003DDEEC /* MyActions.sks in Resources */,
				D34663DC1D1D7A210033A84D /* Assets.xcassets in Resources */,
			);
			runOnlyForDeploymentPostprocessing = 0;
		};
		D37BAD101D1C094D003DDEEC /* Resources */ = {
			isa = PBXResourcesBuildPhase;
			buildActionMask = 2147483647;
			files = (
			);
			runOnlyForDeploymentPostprocessing = 0;
		};
		D39DC8381D1817DB007417CD /* Resources */ = {
			isa = PBXResourcesBuildPhase;
			buildActionMask = 2147483647;
			files = (
				D39DC8441D1817DC007417CD /* Assets.xcassets in Resources */,
				D39DC8421D1817DC007417CD /* GameScene.sks in Resources */,
				D39DC8471D1817DC007417CD /* MainMenu.xib in Resources */,
				D39DC86F1D186ADE007417CD /* MyActions.sks in Resources */,
			);
			runOnlyForDeploymentPostprocessing = 0;
		};
		D39DC84B1D1817DC007417CD /* Resources */ = {
			isa = PBXResourcesBuildPhase;
			buildActionMask = 2147483647;
			files = (
			);
			runOnlyForDeploymentPostprocessing = 0;
		};
/* End PBXResourcesBuildPhase section */

/* Begin PBXSourcesBuildPhase section */
		D37BACF71D1C094D003DDEEC /* Sources */ = {
			isa = PBXSourcesBuildPhase;
			buildActionMask = 2147483647;
			files = (
				D37BAD291D1C0B73003DDEEC /* GameViewController.swift in Sources */,
				D37BAD201D1C0AE3003DDEEC /* GameData.swift in Sources */,
				D37BAD211D1C0AE7003DDEEC /* GameScene.swift in Sources */,
				D37BAD261D1C0B5E003DDEEC /* AppDelegate.swift in Sources */,
			);
			runOnlyForDeploymentPostprocessing = 0;
		};
		D37BAD0E1D1C094D003DDEEC /* Sources */ = {
			isa = PBXSourcesBuildPhase;
			buildActionMask = 2147483647;
			files = (
				D3BDF3871D1C10B900605A49 /* HappiessIsMacTests.swift in Sources */,
				D37BAD171D1C094D003DDEEC /* Happiness_Is_ChickenTests.swift in Sources */,
			);
			runOnlyForDeploymentPostprocessing = 0;
		};
		D39DC8361D1817DB007417CD /* Sources */ = {
			isa = PBXSourcesBuildPhase;
			buildActionMask = 2147483647;
			files = (
				D39DC8401D1817DC007417CD /* GameScene.swift in Sources */,
				D39DC86B1D18445D007417CD /* GameData.swift in Sources */,
				D39DC83E1D1817DC007417CD /* AppDelegate.swift in Sources */,
			);
			runOnlyForDeploymentPostprocessing = 0;
		};
		D39DC8491D1817DC007417CD /* Sources */ = {
			isa = PBXSourcesBuildPhase;
			buildActionMask = 2147483647;
			files = (
				D39DC8521D1817DC007417CD /* HappiessIsMacTests.swift in Sources */,
			);
			runOnlyForDeploymentPostprocessing = 0;
		};
/* End PBXSourcesBuildPhase section */

/* Begin PBXTargetDependency section */
		D37BAD141D1C094D003DDEEC /* PBXTargetDependency */ = {
			isa = PBXTargetDependency;
			target = D37BACFA1D1C094D003DDEEC /* Happiness Is Chicken */;
			targetProxy = D37BAD131D1C094D003DDEEC /* PBXContainerItemProxy */;
		};
		D39DC84F1D1817DC007417CD /* PBXTargetDependency */ = {
			isa = PBXTargetDependency;
			target = D39DC8391D1817DB007417CD /* HappiessIsMac */;
			targetProxy = D39DC84E1D1817DC007417CD /* PBXContainerItemProxy */;
		};
/* End PBXTargetDependency section */

/* Begin PBXVariantGroup section */
		D37BAD051D1C094D003DDEEC /* Main.storyboard */ = {
			isa = PBXVariantGroup;
			children = (
				D37BAD061D1C094D003DDEEC /* Base */,
			);
			name = Main.storyboard;
			sourceTree = "<group>";
		};
		D37BAD0A1D1C094D003DDEEC /* LaunchScreen.storyboard */ = {
			isa = PBXVariantGroup;
			children = (
				D37BAD0B1D1C094D003DDEEC /* Base */,
			);
			name = LaunchScreen.storyboard;
			sourceTree = "<group>";
		};
		D39DC8451D1817DC007417CD /* MainMenu.xib */ = {
			isa = PBXVariantGroup;
			children = (
				D39DC8461D1817DC007417CD /* Base */,
			);
			name = MainMenu.xib;
			sourceTree = "<group>";
		};
/* End PBXVariantGroup section */

/* Begin XCBuildConfiguration section */
		D37BAD1A1D1C094E003DDEEC /* Debug */ = {
			isa = XCBuildConfiguration;
			buildSettings = {
				ASSETCATALOG_COMPILER_APPICON_NAME = "AppIcon-1";
				CODE_SIGN_IDENTITY = "iPhone Developer";
				"CODE_SIGN_IDENTITY[sdk=iphoneos*]" = "iPhone Developer";
				INFOPLIST_FILE = HappinessIsChicken/Info.plist;
				IPHONEOS_DEPLOYMENT_TARGET = 9.3;
				LD_RUNPATH_SEARCH_PATHS = "$(inherited) @executable_path/Frameworks";
				OTHER_SWIFT_FLAGS = "";
				PRODUCT_BUNDLE_IDENTIFIER = "net.Space-For-Rent.Happiness-Is-Chicken";
				PRODUCT_NAME = "$(TARGET_NAME)";
				SDKROOT = iphoneos;
				SWIFT_VERSION = 3.0;
				TARGETED_DEVICE_FAMILY = "1,2";
			};
			name = Debug;
		};
		D37BAD1B1D1C094E003DDEEC /* Release */ = {
			isa = XCBuildConfiguration;
			buildSettings = {
				ASSETCATALOG_COMPILER_APPICON_NAME = "AppIcon-1";
				CODE_SIGN_IDENTITY = "iPhone Developer";
				"CODE_SIGN_IDENTITY[sdk=iphoneos*]" = "iPhone Developer";
				INFOPLIST_FILE = "Happiness Is Chicken/Info.plist";
				IPHONEOS_DEPLOYMENT_TARGET = 9.3;
				LD_RUNPATH_SEARCH_PATHS = "$(inherited) @executable_path/Frameworks";
				PRODUCT_BUNDLE_IDENTIFIER = "net.Space-For-Rent.Happiness-Is-Chicken";
				PRODUCT_NAME = "$(TARGET_NAME)";
				SDKROOT = iphoneos;
				SWIFT_VERSION = 3.0;
				TARGETED_DEVICE_FAMILY = "1,2";
				VALIDATE_PRODUCT = YES;
			};
			name = Release;
		};
		D37BAD1D1D1C094E003DDEEC /* Debug */ = {
			isa = XCBuildConfiguration;
			buildSettings = {
				BUNDLE_LOADER = "$(TEST_HOST)";
				"CODE_SIGN_IDENTITY[sdk=iphoneos*]" = "iPhone Developer";
				DEBUG_INFORMATION_FORMAT = dwarf;
				INFOPLIST_FILE = "Happiness Is ChickenTests/Info.plist";
				IPHONEOS_DEPLOYMENT_TARGET = 9.3;
				LD_RUNPATH_SEARCH_PATHS = "$(inherited) @executable_path/Frameworks @loader_path/Frameworks";
				PRODUCT_BUNDLE_IDENTIFIER = "net.Space-For-Rent.Happiness-Is-ChickenTests";
				PRODUCT_NAME = "$(TARGET_NAME)";
				SDKROOT = iphoneos;
				SWIFT_VERSION = 3.0;
				TEST_HOST = "$(BUILT_PRODUCTS_DIR)/Happiness Is Chicken.app/Happiness Is Chicken";
			};
			name = Debug;
		};
		D37BAD1E1D1C094E003DDEEC /* Release */ = {
			isa = XCBuildConfiguration;
			buildSettings = {
				BUNDLE_LOADER = "$(TEST_HOST)";
				"CODE_SIGN_IDENTITY[sdk=iphoneos*]" = "iPhone Developer";
				INFOPLIST_FILE = "Happiness Is ChickenTests/Info.plist";
				IPHONEOS_DEPLOYMENT_TARGET = 9.3;
				LD_RUNPATH_SEARCH_PATHS = "$(inherited) @executable_path/Frameworks @loader_path/Frameworks";
				PRODUCT_BUNDLE_IDENTIFIER = "net.Space-For-Rent.Happiness-Is-ChickenTests";
				PRODUCT_NAME = "$(TARGET_NAME)";
				SDKROOT = iphoneos;
				SWIFT_VERSION = 3.0;
				TEST_HOST = "$(BUILT_PRODUCTS_DIR)/Happiness Is Chicken.app/Happiness Is Chicken";
				VALIDATE_PRODUCT = YES;
			};
			name = Release;
		};
		D39DC85F1D1817DC007417CD /* Debug */ = {
			isa = XCBuildConfiguration;
			buildSettings = {
				ALWAYS_SEARCH_USER_PATHS = NO;
				CLANG_ANALYZER_NONNULL = YES;
				CLANG_CXX_LANGUAGE_STANDARD = "gnu++0x";
				CLANG_CXX_LIBRARY = "libc++";
				CLANG_ENABLE_MODULES = YES;
				CLANG_ENABLE_OBJC_ARC = YES;
				CLANG_WARN_BOOL_CONVERSION = YES;
				CLANG_WARN_CONSTANT_CONVERSION = YES;
				CLANG_WARN_DIRECT_OBJC_ISA_USAGE = YES_ERROR;
				CLANG_WARN_EMPTY_BODY = YES;
				CLANG_WARN_ENUM_CONVERSION = YES;
				CLANG_WARN_INT_CONVERSION = YES;
				CLANG_WARN_OBJC_ROOT_CLASS = YES_ERROR;
				CLANG_WARN_UNREACHABLE_CODE = YES;
				CLANG_WARN__DUPLICATE_METHOD_MATCH = YES;
				CODE_SIGN_IDENTITY = "-";
				COPY_PHASE_STRIP = NO;
				DEBUG_INFORMATION_FORMAT = "dwarf-with-dsym";
				ENABLE_STRICT_OBJC_MSGSEND = YES;
				ENABLE_TESTABILITY = YES;
				GCC_C_LANGUAGE_STANDARD = gnu99;
				GCC_DYNAMIC_NO_PIC = NO;
				GCC_NO_COMMON_BLOCKS = YES;
				GCC_OPTIMIZATION_LEVEL = 0;
				GCC_PREPROCESSOR_DEFINITIONS = (
					"DEBUG=1",
					"$(inherited)",
				);
				GCC_WARN_64_TO_32_BIT_CONVERSION = YES;
				GCC_WARN_ABOUT_RETURN_TYPE = YES_ERROR;
				GCC_WARN_UNDECLARED_SELECTOR = YES;
				GCC_WARN_UNINITIALIZED_AUTOS = YES_AGGRESSIVE;
				GCC_WARN_UNUSED_FUNCTION = YES;
				GCC_WARN_UNUSED_VARIABLE = YES;
				MACOSX_DEPLOYMENT_TARGET = 10.11;
				MTL_ENABLE_DEBUG_INFO = YES;
				ONLY_ACTIVE_ARCH = YES;
				SDKROOT = macosx;
				SWIFT_OPTIMIZATION_LEVEL = "-Onone";
			};
			name = Debug;
		};
		D39DC8601D1817DC007417CD /* Release */ = {
			isa = XCBuildConfiguration;
			buildSettings = {
				ALWAYS_SEARCH_USER_PATHS = NO;
				CLANG_ANALYZER_NONNULL = YES;
				CLANG_CXX_LANGUAGE_STANDARD = "gnu++0x";
				CLANG_CXX_LIBRARY = "libc++";
				CLANG_ENABLE_MODULES = YES;
				CLANG_ENABLE_OBJC_ARC = YES;
				CLANG_WARN_BOOL_CONVERSION = YES;
				CLANG_WARN_CONSTANT_CONVERSION = YES;
				CLANG_WARN_DIRECT_OBJC_ISA_USAGE = YES_ERROR;
				CLANG_WARN_EMPTY_BODY = YES;
				CLANG_WARN_ENUM_CONVERSION = YES;
				CLANG_WARN_INT_CONVERSION = YES;
				CLANG_WARN_OBJC_ROOT_CLASS = YES_ERROR;
				CLANG_WARN_UNREACHABLE_CODE = YES;
				CLANG_WARN__DUPLICATE_METHOD_MATCH = YES;
				CODE_SIGN_IDENTITY = "-";
				COPY_PHASE_STRIP = NO;
				DEBUG_INFORMATION_FORMAT = "dwarf-with-dsym";
				ENABLE_NS_ASSERTIONS = NO;
				ENABLE_STRICT_OBJC_MSGSEND = YES;
				GCC_C_LANGUAGE_STANDARD = gnu99;
				GCC_NO_COMMON_BLOCKS = YES;
				GCC_WARN_64_TO_32_BIT_CONVERSION = YES;
				GCC_WARN_ABOUT_RETURN_TYPE = YES_ERROR;
				GCC_WARN_UNDECLARED_SELECTOR = YES;
				GCC_WARN_UNINITIALIZED_AUTOS = YES_AGGRESSIVE;
				GCC_WARN_UNUSED_FUNCTION = YES;
				GCC_WARN_UNUSED_VARIABLE = YES;
				MACOSX_DEPLOYMENT_TARGET = 10.11;
				MTL_ENABLE_DEBUG_INFO = NO;
				SDKROOT = macosx;
			};
			name = Release;
		};
		D39DC8621D1817DC007417CD /* Debug */ = {
			isa = XCBuildConfiguration;
			buildSettings = {
				ASSETCATALOG_COMPILER_APPICON_NAME = AppIcon;
				COMBINE_HIDPI_IMAGES = YES;
				INFOPLIST_FILE = HappiessIsMac/Info.plist;
				LD_RUNPATH_SEARCH_PATHS = "$(inherited) @executable_path/../Frameworks";
				OTHER_SWIFT_FLAGS = "";
				PRODUCT_BUNDLE_IDENTIFIER = "net.Space-For-Rent.HappiessIsMac";
				PRODUCT_NAME = "$(TARGET_NAME)";
				SWIFT_VERSION = 3.0;
			};
			name = Debug;
		};
		D39DC8631D1817DC007417CD /* Release */ = {
			isa = XCBuildConfiguration;
			buildSettings = {
				ASSETCATALOG_COMPILER_APPICON_NAME = AppIcon;
				COMBINE_HIDPI_IMAGES = YES;
				INFOPLIST_FILE = HappiessIsMac/Info.plist;
				LD_RUNPATH_SEARCH_PATHS = "$(inherited) @executable_path/../Frameworks";
				PRODUCT_BUNDLE_IDENTIFIER = "net.Space-For-Rent.HappiessIsMac";
				PRODUCT_NAME = "$(TARGET_NAME)";
				SWIFT_VERSION = 3.0;
			};
			name = Release;
		};
		D39DC8651D1817DC007417CD /* Debug */ = {
			isa = XCBuildConfiguration;
			buildSettings = {
				BUNDLE_LOADER = "$(TEST_HOST)";
				COMBINE_HIDPI_IMAGES = YES;
				DEBUG_INFORMATION_FORMAT = dwarf;
				INFOPLIST_FILE = HappiessIsMacTests/Info.plist;
				LD_RUNPATH_SEARCH_PATHS = "$(inherited) @executable_path/../Frameworks @loader_path/../Frameworks";
				PRODUCT_BUNDLE_IDENTIFIER = "net.Space-For-Rent.HappiessIsMacTests";
				PRODUCT_NAME = "$(TARGET_NAME)";
				SWIFT_VERSION = 3.0;
				TEST_HOST = "$(BUILT_PRODUCTS_DIR)/HappiessIsMac.app/Contents/MacOS/HappiessIsMac";
			};
			name = Debug;
		};
		D39DC8661D1817DC007417CD /* Release */ = {
			isa = XCBuildConfiguration;
			buildSettings = {
				BUNDLE_LOADER = "$(TEST_HOST)";
				COMBINE_HIDPI_IMAGES = YES;
				INFOPLIST_FILE = HappiessIsMacTests/Info.plist;
				LD_RUNPATH_SEARCH_PATHS = "$(inherited) @executable_path/../Frameworks @loader_path/../Frameworks";
				PRODUCT_BUNDLE_IDENTIFIER = "net.Space-For-Rent.HappiessIsMacTests";
				PRODUCT_NAME = "$(TARGET_NAME)";
				SWIFT_VERSION = 3.0;
				TEST_HOST = "$(BUILT_PRODUCTS_DIR)/HappiessIsMac.app/Contents/MacOS/HappiessIsMac";
			};
			name = Release;
		};
/* End XCBuildConfiguration section */

/* Begin XCConfigurationList section */
		D37BAD191D1C094E003DDEEC /* Build configuration list for PBXNativeTarget "Happiness Is Chicken" */ = {
			isa = XCConfigurationList;
			buildConfigurations = (
				D37BAD1A1D1C094E003DDEEC /* Debug */,
				D37BAD1B1D1C094E003DDEEC /* Release */,
			);
			defaultConfigurationIsVisible = 0;
			defaultConfigurationName = Release;
		};
		D37BAD1C1D1C094E003DDEEC /* Build configuration list for PBXNativeTarget "Happiness Is ChickenTests" */ = {
			isa = XCConfigurationList;
			buildConfigurations = (
				D37BAD1D1D1C094E003DDEEC /* Debug */,
				D37BAD1E1D1C094E003DDEEC /* Release */,
			);
			defaultConfigurationIsVisible = 0;
			defaultConfigurationName = Release;
		};
		D39DC8351D1817DB007417CD /* Build configuration list for PBXProject "HappiessIsMac" */ = {
			isa = XCConfigurationList;
			buildConfigurations = (
				D39DC85F1D1817DC007417CD /* Debug */,
				D39DC8601D1817DC007417CD /* Release */,
			);
			defaultConfigurationIsVisible = 0;
			defaultConfigurationName = Release;
		};
		D39DC8611D1817DC007417CD /* Build configuration list for PBXNativeTarget "HappiessIsMac" */ = {
			isa = XCConfigurationList;
			buildConfigurations = (
				D39DC8621D1817DC007417CD /* Debug */,
				D39DC8631D1817DC007417CD /* Release */,
			);
			defaultConfigurationIsVisible = 0;
			defaultConfigurationName = Release;
		};
		D39DC8641D1817DC007417CD /* Build configuration list for PBXNativeTarget "HappiessIsMacTests" */ = {
			isa = XCConfigurationList;
			buildConfigurations = (
				D39DC8651D1817DC007417CD /* Debug */,
				D39DC8661D1817DC007417CD /* Release */,
			);
			defaultConfigurationIsVisible = 0;
			defaultConfigurationName = Release;
		};
/* End XCConfigurationList section */
	};
	rootObject = D39DC8321D1817DB007417CD /* Project object */;
}
